
Microsoft Visual Studio Solution File, Format Version 12.00
# Visual Studio Version 17
VisualStudioVersion = 17.6.33829.357
MinimumVisualStudioVersion = 10.0.40219.1
Project("{FAE04EC0-301F-11D3-BF4B-00C04F79EFBC}") = "SAE_201_MARATHON", "SAE_201_MARATHON.csproj", "{F4411047-DBDF-4183-8EFA-3F236F0DB5E0}"
EndProject
Global
	GlobalSection(SolutionConfigurationPlatforms) = preSolution
		Debug|Any CPU = Debug|Any CPU
		Release|Any CPU = Release|Any CPU
	EndGlobalSection
	GlobalSection(ProjectConfigurationPlatforms) = postSolution
		{F4411047-DBDF-4183-8EFA-3F236F0DB5E0}.Debug|Any CPU.ActiveCfg = Debug|Any CPU
		{F4411047-DBDF-4183-8EFA-3F236F0DB5E0}.Debug|Any CPU.Build.0 = Debug|Any CPU
		{F4411047-DBDF-4183-8EFA-3F236F0DB5E0}.Release|Any CPU.ActiveCfg = Release|Any CPU
		{F4411047-DBDF-4183-8EFA-3F236F0DB5E0}.Release|Any CPU.Build.0 = Release|Any CPU
	EndGlobalSection
	GlobalSection(SolutionProperties) = preSolution
		HideSolutionNode = FALSE
	EndGlobalSection
	GlobalSection(ExtensibilityGlobals) = postSolution
		SolutionGuid = {C8B30E8F-1902-466F-B6C8-481EFA72FB37}
	EndGlobalSection
EndGlobal
